
Microsoft Visual Studio Solution File, Format Version 12.00
# Visual Studio Version 17
VisualStudioVersion = 17.9.34714.143
MinimumVisualStudioVersion = 10.0.40219.1
Project("{9A19103F-16F7-4668-BE54-9A1E7A4F7556}") = "BulkyBookWeb", "BulkyWeb\BulkyBookWeb.csproj", "{DA467144-3228-4EF7-9019-3732B3D0CC28}"
EndProject
Project("{9A19103F-16F7-4668-BE54-9A1E7A4F7556}") = "BulkyBook.DataAccess", "Bulky.DataAccess\BulkyBook.DataAccess.csproj", "{2371E56A-CF3A-45E9-A6A7-C033F461DF83}"
EndProject
Project("{9A19103F-16F7-4668-BE54-9A1E7A4F7556}") = "BulkyBook.Models", "Bulky.Models\BulkyBook.Models.csproj", "{93D651AA-6478-46DC-8BF9-C75AC0C238B6}"
EndProject
Project("{9A19103F-16F7-4668-BE54-9A1E7A4F7556}") = "BulkyBook.Utility", "Bulky.Utility\BulkyBook.Utility.csproj", "{38117793-08EE-4D33-9696-E87E19353649}"
EndProject
Global
	GlobalSection(SolutionConfigurationPlatforms) = preSolution
		Debug|Any CPU = Debug|Any CPU
		Release|Any CPU = Release|Any CPU
	EndGlobalSection
	GlobalSection(ProjectConfigurationPlatforms) = postSolution
		{DA467144-3228-4EF7-9019-3732B3D0CC28}.Debug|Any CPU.ActiveCfg = Debug|Any CPU
		{DA467144-3228-4EF7-9019-3732B3D0CC28}.Debug|Any CPU.Build.0 = Debug|Any CPU
		{DA467144-3228-4EF7-9019-3732B3D0CC28}.Release|Any CPU.ActiveCfg = Release|Any CPU
		{DA467144-3228-4EF7-9019-3732B3D0CC28}.Release|Any CPU.Build.0 = Release|Any CPU
		{2371E56A-CF3A-45E9-A6A7-C033F461DF83}.Debug|Any CPU.ActiveCfg = Debug|Any CPU
		{2371E56A-CF3A-45E9-A6A7-C033F461DF83}.Debug|Any CPU.Build.0 = Debug|Any CPU
		{2371E56A-CF3A-45E9-A6A7-C033F461DF83}.Release|Any CPU.ActiveCfg = Release|Any CPU
		{2371E56A-CF3A-45E9-A6A7-C033F461DF83}.Release|Any CPU.Build.0 = Release|Any CPU
		{93D651AA-6478-46DC-8BF9-C75AC0C238B6}.Debug|Any CPU.ActiveCfg = Debug|Any CPU
		{93D651AA-6478-46DC-8BF9-C75AC0C238B6}.Debug|Any CPU.Build.0 = Debug|Any CPU
		{93D651AA-6478-46DC-8BF9-C75AC0C238B6}.Release|Any CPU.ActiveCfg = Release|Any CPU
		{93D651AA-6478-46DC-8BF9-C75AC0C238B6}.Release|Any CPU.Build.0 = Release|Any CPU
		{38117793-08EE-4D33-9696-E87E19353649}.Debug|Any CPU.ActiveCfg = Debug|Any CPU
		{38117793-08EE-4D33-9696-E87E19353649}.Debug|Any CPU.Build.0 = Debug|Any CPU
		{38117793-08EE-4D33-9696-E87E19353649}.Release|Any CPU.ActiveCfg = Release|Any CPU
		{38117793-08EE-4D33-9696-E87E19353649}.Release|Any CPU.Build.0 = Release|Any CPU
	EndGlobalSection
	GlobalSection(SolutionProperties) = preSolution
		HideSolutionNode = FALSE
	EndGlobalSection
	GlobalSection(ExtensibilityGlobals) = postSolution
		SolutionGuid = {668BE6B3-9C6E-415C-8239-CAA3401F173F}
	EndGlobalSection
EndGlobal
